Microsoft Visual Studio Solution File, Format Version 12.00
# Visual Studio 15
VisualStudioVersion = 15.0.28307.1062
MinimumVisualStudioVersion = 10.0.40219.1
Project("{8BC9CEB8-8B4A-11D0-8D11-00A0C91BC942}") = "libdc1394", "libdc1394.vcxproj", "{97924F9E-3549-41E5-99E6-095962AEC666}"
EndProject
Project("{8BC9CEB8-8B4A-11D0-8D11-00A0C91BC942}") = "libdc1394win", "libdc1394win\libdc1394win.vcxproj", "{9A0A18EC-A560-4844-9659-B19B8DB4B3F2}"
EndProject
Global
	GlobalSection(SolutionConfigurationPlatforms) = preSolution
		Debug|Win32 = Debug|Win32
		Debug|x64 = Debug|x64
		Release|Win32 = Release|Win32
		Release|x64 = Release|x64
		vs2017_Debug|Win32 = vs2017_Debug|Win32
		vs2017_Debug|x64 = vs2017_Debug|x64
		vs2017_Release|Win32 = vs2017_Release|Win32
		vs2017_Release|x64 = vs2017_Release|x64
	EndGlobalSection
	GlobalSection(ProjectConfigurationPlatforms) = postSolution
		{97924F9E-3549-41E5-99E6-095962AEC666}.Debug|Win32.ActiveCfg = Debug|Win32
		{97924F9E-3549-41E5-99E6-095962AEC666}.Debug|Win32.Build.0 = Debug|Win32
		{97924F9E-3549-41E5-99E6-095962AEC666}.Debug|x64.ActiveCfg = Debug|x64
		{97924F9E-3549-41E5-99E6-095962AEC666}.Debug|x64.Build.0 = Debug|x64
		{97924F9E-3549-41E5-99E6-095962AEC666}.Release|Win32.ActiveCfg = Release|Win32
		{97924F9E-3549-41E5-99E6-095962AEC666}.Release|Win32.Build.0 = Release|Win32
		{97924F9E-3549-41E5-99E6-095962AEC666}.Release|x64.ActiveCfg = Release|x64
		{97924F9E-3549-41E5-99E6-095962AEC666}.Release|x64.Build.0 = Release|x64
		{97924F9E-3549-41E5-99E6-095962AEC666}.vs2017_Debug|Win32.ActiveCfg = vs2017_Debug|Win32
		{97924F9E-3549-41E5-99E6-095962AEC666}.vs2017_Debug|Win32.Build.0 = vs2017_Debug|Win32
		{97924F9E-3549-41E5-99E6-095962AEC666}.vs2017_Debug|x64.ActiveCfg = vs2017_Debug|x64
		{97924F9E-3549-41E5-99E6-095962AEC666}.vs2017_Debug|x64.Build.0 = vs2017_Debug|x64
		{97924F9E-3549-41E5-99E6-095962AEC666}.vs2017_Release|Win32.ActiveCfg = vs2017_Release|Win32
		{97924F9E-3549-41E5-99E6-095962AEC666}.vs2017_Release|Win32.Build.0 = vs2017_Release|Win32
		{97924F9E-3549-41E5-99E6-095962AEC666}.vs2017_Release|x64.ActiveCfg = vs2017_Release|x64
		{97924F9E-3549-41E5-99E6-095962AEC666}.vs2017_Release|x64.Build.0 = vs2017_Release|x64
		{9A0A18EC-A560-4844-9659-B19B8DB4B3F2}.Debug|Win32.ActiveCfg = Debug|Win32
		{9A0A18EC-A560-4844-9659-B19B8DB4B3F2}.Debug|Win32.Build.0 = Debug|Win32
		{9A0A18EC-A560-4844-9659-B19B8DB4B3F2}.Debug|x64.ActiveCfg = Debug|x64
		{9A0A18EC-A560-4844-9659-B19B8DB4B3F2}.Debug|x64.Build.0 = Debug|x64
		{9A0A18EC-A560-4844-9659-B19B8DB4B3F2}.Release|Win32.ActiveCfg = Release|Win32
		{9A0A18EC-A560-4844-9659-B19B8DB4B3F2}.Release|Win32.Build.0 = Release|Win32
		{9A0A18EC-A560-4844-9659-B19B8DB4B3F2}.Release|x64.ActiveCfg = Release|x64
		{9A0A18EC-A560-4844-9659-B19B8DB4B3F2}.Release|x64.Build.0 = Release|x64
		{9A0A18EC-A560-4844-9659-B19B8DB4B3F2}.vs2017_Debug|Win32.ActiveCfg = vs2017_Debug|Win32
		{9A0A18EC-A560-4844-9659-B19B8DB4B3F2}.vs2017_Debug|Win32.Build.0 = vs2017_Debug|Win32
		{9A0A18EC-A560-4844-9659-B19B8DB4B3F2}.vs2017_Debug|x64.ActiveCfg = vs2017_Debug|x64
		{9A0A18EC-A560-4844-9659-B19B8DB4B3F2}.vs2017_Debug|x64.Build.0 = vs2017_Debug|x64
		{9A0A18EC-A560-4844-9659-B19B8DB4B3F2}.vs2017_Release|Win32.ActiveCfg = vs2017_Release|Win32
		{9A0A18EC-A560-4844-9659-B19B8DB4B3F2}.vs2017_Release|Win32.Build.0 = vs2017_Release|Win32
		{9A0A18EC-A560-4844-9659-B19B8DB4B3F2}.vs2017_Release|x64.ActiveCfg = vs2017_Release|x64
		{9A0A18EC-A560-4844-9659-B19B8DB4B3F2}.vs2017_Release|x64.Build.0 = vs2017_Release|x64
	EndGlobalSection
	GlobalSection(SolutionProperties) = preSolution
		HideSolutionNode = FALSE
	EndGlobalSection
	GlobalSection(ExtensibilityGlobals) = postSolution
		SolutionGuid = {94A1F60C-C887-4D71-ADAC-7FED1245AC34}
	EndGlobalSection
EndGlobal
